
Microsoft Visual Studio Solution File, Format Version 12.00
# Visual Studio Version 17
VisualStudioVersion = 17.3.32819.101
MinimumVisualStudioVersion = 10.0.40219.1
Project("{9A19103F-16F7-4668-BE54-9A1E7A4F7556}") = "3DconnexionDriver", "3DconnexionDriver.csproj", "{9B78C331-7940-45C7-AAF9-E98270462BD4}"
EndProject
Global
	GlobalSection(SolutionConfigurationPlatforms) = preSolution
		Debug|Any CPU = Debug|Any CPU
		Release|Any CPU = Release|Any CPU
	EndGlobalSection
	GlobalSection(ProjectConfigurationPlatforms) = postSolution
		{9B78C331-7940-45C7-AAF9-E98270462BD4}.Debug|Any CPU.ActiveCfg = Debug|Any CPU
		{9B78C331-7940-45C7-AAF9-E98270462BD4}.Debug|Any CPU.Build.0 = Debug|Any CPU
		{9B78C331-7940-45C7-AAF9-E98270462BD4}.Release|Any CPU.ActiveCfg = Release|Any CPU
		{9B78C331-7940-45C7-AAF9-E98270462BD4}.Release|Any CPU.Build.0 = Release|Any CPU
	EndGlobalSection
	GlobalSection(SolutionProperties) = preSolution
		HideSolutionNode = FALSE
	EndGlobalSection
	GlobalSection(ExtensibilityGlobals) = postSolution
		SolutionGuid = {F37A8CC4-5F45-4D7C-A7FD-ED9D9DCE73F7}
	EndGlobalSection
EndGlobal
